
Microsoft Visual Studio Solution File, Format Version 12.00
# Visual Studio Version 17
VisualStudioVersion = 17.1.32210.238
MinimumVisualStudioVersion = 10.0.40219.1
Project("{9A19103F-16F7-4668-BE54-9A1E7A4F7556}") = "FunTrophy.API", "FunTrophy.API\FunTrophy.API.csproj", "{16D42459-07C8-4AD6-816C-C609DB3F6510}"
EndProject
Project("{9A19103F-16F7-4668-BE54-9A1E7A4F7556}") = "FunTrophy.Shared", "FunTrophy.Shared\FunTrophy.Shared.csproj", "{4E8386BF-17A2-428F-964B-32B780764F49}"
EndProject
Project("{9A19103F-16F7-4668-BE54-9A1E7A4F7556}") = "FunTrophy.API.UnitTests", "FunTrophy.UnitTests\FunTrophy.API.UnitTests.csproj", "{5C6EACE8-32CA-40B4-9DB6-03AD59A6B1D9}"
EndProject
Project("{9A19103F-16F7-4668-BE54-9A1E7A4F7556}") = "FunTrophy.API.IntegrationTests", "FunTrophy.IntegrationTests\FunTrophy.API.IntegrationTests.csproj", "{8488B15A-BFCB-4D5F-88FD-BAD38485C764}"
EndProject
Project("{2150E333-8FDC-42A3-9474-1A3956D46DE8}") = "Tests", "Tests", "{8B50AF3D-28E3-42BA-BD2B-F1D1513BE3DA}"
EndProject
Project("{9A19103F-16F7-4668-BE54-9A1E7A4F7556}") = "FunTrophy.Infrastructure", "FunTrophy.Infrastructure\FunTrophy.Infrastructure.csproj", "{F091DA0B-BEDE-4A87-9A1B-A3DE12195F7A}"
EndProject
Project("{9A19103F-16F7-4668-BE54-9A1E7A4F7556}") = "FunTrophy.Tests.Utils", "FunTrophy.Tests.Utils\FunTrophy.Tests.Utils.csproj", "{8C7EDF3E-8AD1-4F3C-8A99-D1959F2CA9B9}"
EndProject
Project("{2150E333-8FDC-42A3-9474-1A3956D46DE8}") = "Solution Items", "Solution Items", "{B57FB863-8EA8-49CB-AA24-FBE5B9EF4264}"
	ProjectSection(SolutionItems) = preProject
		.editorconfig = .editorconfig
	EndProjectSection
EndProject
Project("{9A19103F-16F7-4668-BE54-9A1E7A4F7556}") = "FunTrophy.Web", "FunTrophy.Web\FunTrophy.Web.csproj", "{271FDF2A-7E94-44A3-9FCD-13870CDF603F}"
EndProject
Global
	GlobalSection(SolutionConfigurationPlatforms) = preSolution
		Debug|Any CPU = Debug|Any CPU
		Release|Any CPU = Release|Any CPU
	EndGlobalSection
	GlobalSection(ProjectConfigurationPlatforms) = postSolution
		{16D42459-07C8-4AD6-816C-C609DB3F6510}.Debug|Any CPU.ActiveCfg = Debug|Any CPU
		{16D42459-07C8-4AD6-816C-C609DB3F6510}.Debug|Any CPU.Build.0 = Debug|Any CPU
		{16D42459-07C8-4AD6-816C-C609DB3F6510}.Release|Any CPU.ActiveCfg = Release|Any CPU
		{16D42459-07C8-4AD6-816C-C609DB3F6510}.Release|Any CPU.Build.0 = Release|Any CPU
		{4E8386BF-17A2-428F-964B-32B780764F49}.Debug|Any CPU.ActiveCfg = Debug|Any CPU
		{4E8386BF-17A2-428F-964B-32B780764F49}.Debug|Any CPU.Build.0 = Debug|Any CPU
		{4E8386BF-17A2-428F-964B-32B780764F49}.Release|Any CPU.ActiveCfg = Release|Any CPU
		{4E8386BF-17A2-428F-964B-32B780764F49}.Release|Any CPU.Build.0 = Release|Any CPU
		{5C6EACE8-32CA-40B4-9DB6-03AD59A6B1D9}.Debug|Any CPU.ActiveCfg = Debug|Any CPU
		{5C6EACE8-32CA-40B4-9DB6-03AD59A6B1D9}.Debug|Any CPU.Build.0 = Debug|Any CPU
		{5C6EACE8-32CA-40B4-9DB6-03AD59A6B1D9}.Release|Any CPU.ActiveCfg = Release|Any CPU
		{5C6EACE8-32CA-40B4-9DB6-03AD59A6B1D9}.Release|Any CPU.Build.0 = Release|Any CPU
		{8488B15A-BFCB-4D5F-88FD-BAD38485C764}.Debug|Any CPU.ActiveCfg = Debug|Any CPU
		{8488B15A-BFCB-4D5F-88FD-BAD38485C764}.Debug|Any CPU.Build.0 = Debug|Any CPU
		{8488B15A-BFCB-4D5F-88FD-BAD38485C764}.Release|Any CPU.ActiveCfg = Release|Any CPU
		{8488B15A-BFCB-4D5F-88FD-BAD38485C764}.Release|Any CPU.Build.0 = Release|Any CPU
		{F091DA0B-BEDE-4A87-9A1B-A3DE12195F7A}.Debug|Any CPU.ActiveCfg = Debug|Any CPU
		{F091DA0B-BEDE-4A87-9A1B-A3DE12195F7A}.Debug|Any CPU.Build.0 = Debug|Any CPU
		{F091DA0B-BEDE-4A87-9A1B-A3DE12195F7A}.Release|Any CPU.ActiveCfg = Release|Any CPU
		{F091DA0B-BEDE-4A87-9A1B-A3DE12195F7A}.Release|Any CPU.Build.0 = Release|Any CPU
		{8C7EDF3E-8AD1-4F3C-8A99-D1959F2CA9B9}.Debug|Any CPU.ActiveCfg = Debug|Any CPU
		{8C7EDF3E-8AD1-4F3C-8A99-D1959F2CA9B9}.Debug|Any CPU.Build.0 = Debug|Any CPU
		{8C7EDF3E-8AD1-4F3C-8A99-D1959F2CA9B9}.Release|Any CPU.ActiveCfg = Release|Any CPU
		{8C7EDF3E-8AD1-4F3C-8A99-D1959F2CA9B9}.Release|Any CPU.Build.0 = Release|Any CPU
		{271FDF2A-7E94-44A3-9FCD-13870CDF603F}.Debug|Any CPU.ActiveCfg = Debug|Any CPU
		{271FDF2A-7E94-44A3-9FCD-13870CDF603F}.Debug|Any CPU.Build.0 = Debug|Any CPU
		{271FDF2A-7E94-44A3-9FCD-13870CDF603F}.Release|Any CPU.ActiveCfg = Release|Any CPU
		{271FDF2A-7E94-44A3-9FCD-13870CDF603F}.Release|Any CPU.Build.0 = Release|Any CPU
	EndGlobalSection
	GlobalSection(SolutionProperties) = preSolution
		HideSolutionNode = FALSE
	EndGlobalSection
	GlobalSection(NestedProjects) = preSolution
		{5C6EACE8-32CA-40B4-9DB6-03AD59A6B1D9} = {8B50AF3D-28E3-42BA-BD2B-F1D1513BE3DA}
		{8488B15A-BFCB-4D5F-88FD-BAD38485C764} = {8B50AF3D-28E3-42BA-BD2B-F1D1513BE3DA}
		{8C7EDF3E-8AD1-4F3C-8A99-D1959F2CA9B9} = {8B50AF3D-28E3-42BA-BD2B-F1D1513BE3DA}
	EndGlobalSection
	GlobalSection(ExtensibilityGlobals) = postSolution
		SolutionGuid = {8335E316-DAC4-4AFB-93BB-2698A069C82B}
	EndGlobalSection
EndGlobal
